<?xml version="1.0" encoding="utf-8"?>
<Project ToolsVersion="4.0" xmlns="http://schemas.microsoft.com/developer/msbuild/2003">
  <ItemGroup>
    <Filter Include="소스 파일">
      <UniqueIdentifier>{4FC737F1-C7A5-4376-A066-2A32D752A2FF}</UniqueIdentifier>
      <Extensions>cpp;c;cc;cxx;def;odl;idl;hpj;bat;asm;asmx</Extensions>
    </Filter>
    <Filter Include="헤더 파일">
      <UniqueIdentifier>{93995380-89BD-4b04-88EB-625FBE52EBFB}</UniqueIdentifier>
      <Extensions>h;hh;hpp;hxx;hm;inl;inc;xsd</Extensions>
    </Filter>
    <Filter Include="리소스 파일">
      <UniqueIdentifier>{67DA6AB6-F800-4c08-8B7A-83BB121AAD01}</UniqueIdentifier>
      <Extensions>rc;ico;cur;bmp;dlg;rc2;rct;bin;rgs;gif;jpg;jpeg;jpe;resx;tiff;tif;png;wav;mfcribbon-ms</Extensions>
    </Filter>
    <Filter Include="소스 파일\Engine%28Core%29">
      <UniqueIdentifier>{ff3d90cf-ad73-40a9-b4f3-7221f4943248}</UniqueIdentifier>
    </Filter>
    <Filter Include="헤더 파일\Engine%28Core%29">
      <UniqueIdentifier>{d074168f-9052-44a1-b0b2-141d1c42c662}</UniqueIdentifier>
    </Filter>
    <Filter Include="소스 파일\Object">
      <UniqueIdentifier>{ccf145ea-888e-4736-ac88-88849d35c5c6}</UniqueIdentifier>
    </Filter>
    <Filter Include="헤더 파일\Object">
      <UniqueIdentifier>{f035ac67-8086-458b-a3bc-094f79235124}</UniqueIdentifier>
    </Filter>
    <Filter Include="소스 파일\Object\Component">
      <UniqueIdentifier>{c82d65b8-4def-4c07-a79f-07cda98cd3e8}</UniqueIdentifier>
    </Filter>
    <Filter Include="헤더 파일\Object\Component">
      <UniqueIdentifier>{720692c0-be15-43f8-8437-14659cb35c41}</UniqueIdentifier>
    </Filter>
    <Filter Include="소스 파일\Object\Component\UI">
      <UniqueIdentifier>{07b68aee-347f-4475-9eac-f709403e8aab}</UniqueIdentifier>
    </Filter>
    <Filter Include="소스 파일\Object\Component\Coliider">
      <UniqueIdentifier>{7595bca2-95d4-4193-bc1a-073f7b6bdb89}</UniqueIdentifier>
    </Filter>
    <Filter Include="헤더 파일\Object\Component\Coliider">
      <UniqueIdentifier>{24171b88-2221-4aa7-acc4-df27a6246270}</UniqueIdentifier>
    </Filter>
  </ItemGroup>
  <ItemGroup>
    <ClInclude Include="Audio.h">
      <Filter>헤더 파일\Engine%28Core%29</Filter>
    </ClInclude>
    <ClInclude Include="D2D.h">
      <Filter>헤더 파일\Engine%28Core%29</Filter>
    </ClInclude>
    <ClInclude Include="Engine.h">
      <Filter>헤더 파일\Engine%28Core%29</Filter>
    </ClInclude>
    <ClInclude Include="FPS.h">
      <Filter>헤더 파일\Engine%28Core%29</Filter>
    </ClInclude>
    <ClInclude Include="Graphics.h">
      <Filter>헤더 파일\Engine%28Core%29</Filter>
    </ClInclude>
    <ClInclude Include="Input.h">
      <Filter>헤더 파일\Engine%28Core%29</Filter>
    </ClInclude>
    <ClInclude Include="Shader.h">
      <Filter>헤더 파일\Engine%28Core%29</Filter>
    </ClInclude>
    <ClInclude Include="Timer.h">
      <Filter>헤더 파일\Engine%28Core%29</Filter>
    </ClInclude>
    <ClInclude Include="Animation.h">
      <Filter>헤더 파일\Object\Component</Filter>
    </ClInclude>
    <ClInclude Include="Object.h">
      <Filter>헤더 파일\Object</Filter>
    </ClInclude>
    <ClInclude Include="Particle.h">
      <Filter>헤더 파일\Object\Component</Filter>
    </ClInclude>
    <ClInclude Include="Sprite.h">
      <Filter>헤더 파일\Object\Component</Filter>
    </ClInclude>
    <ClInclude Include="UI.h">
      <Filter>헤더 파일\Object\Component</Filter>
    </ClInclude>
    <ClInclude Include="Text.h">
      <Filter>헤더 파일\Object\Component</Filter>
    </ClInclude>
    <ClInclude Include="WinMain.h">
      <Filter>헤더 파일</Filter>
    </ClInclude>
    <ClInclude Include="System.h">
      <Filter>헤더 파일\Engine%28Core%29</Filter>
    </ClInclude>
    <ClInclude Include="Camera.h">
      <Filter>헤더 파일\Object\Component</Filter>
    </ClInclude>
    <ClInclude Include="RigidBody.h">
      <Filter>헤더 파일\Object\Component</Filter>
    </ClInclude>
    <ClInclude Include="Collider.h">
      <Filter>헤더 파일\Object\Component</Filter>
    </ClInclude>
    <ClInclude Include="CircleCollider.h">
      <Filter>헤더 파일\Object\Component\Coliider</Filter>
    </ClInclude>
    <ClInclude Include="BoxCollider.h">
      <Filter>헤더 파일\Object\Component\Coliider</Filter>
    </ClInclude>
    <ClInclude Include="CapsuleCollider.h">
      <Filter>헤더 파일\Object\Component\Coliider</Filter>
    </ClInclude>
  </ItemGroup>
  <ItemGroup>
    <ClCompile Include="Graphics.cpp">
      <Filter>소스 파일\Engine%28Core%29</Filter>
    </ClCompile>
    <ClCompile Include="Input.cpp">
      <Filter>소스 파일\Engine%28Core%29</Filter>
    </ClCompile>
    <ClCompile Include="Shader.cpp">
      <Filter>소스 파일\Engine%28Core%29</Filter>
    </ClCompile>
    <ClCompile Include="Timer.cpp">
      <Filter>소스 파일\Engine%28Core%29</Filter>
    </ClCompile>
    <ClCompile Include="Engine.cpp">
      <Filter>소스 파일\Engine%28Core%29</Filter>
    </ClCompile>
    <ClCompile Include="D2D.cpp">
      <Filter>소스 파일\Engine%28Core%29</Filter>
    </ClCompile>
    <ClCompile Include="Audio.cpp">
      <Filter>소스 파일\Engine%28Core%29</Filter>
    </ClCompile>
    <ClCompile Include="FPS.cpp">
      <Filter>소스 파일\Engine%28Core%29</Filter>
    </ClCompile>
    <ClCompile Include="Animation.cpp">
      <Filter>소스 파일\Object\Component</Filter>
    </ClCompile>
    <ClCompile Include="Camera.cpp">
      <Filter>소스 파일\Object\Component</Filter>
    </ClCompile>
    <ClCompile Include="Object.cpp">
      <Filter>소스 파일\Object</Filter>
    </ClCompile>
    <ClCompile Include="Particle.cpp">
      <Filter>소스 파일\Object\Component</Filter>
    </ClCompile>
    <ClCompile Include="Sprite.cpp">
      <Filter>소스 파일\Object\Component</Filter>
    </ClCompile>
    <ClCompile Include="WinMain.cpp">
      <Filter>소스 파일</Filter>
    </ClCompile>
    <ClCompile Include="System.cpp">
      <Filter>소스 파일\Engine%28Core%29</Filter>
    </ClCompile>
    <ClCompile Include="UI.cpp">
      <Filter>소스 파일\Object\Component\UI</Filter>
    </ClCompile>
    <ClCompile Include="Text.cpp">
      <Filter>소스 파일\Object\Component\UI</Filter>
    </ClCompile>
    <ClCompile Include="RigidBody.cpp">
      <Filter>소스 파일\Object\Component</Filter>
    </ClCompile>
    <ClCompile Include="CircleCollider.cpp">
      <Filter>소스 파일\Object\Component\Coliider</Filter>
    </ClCompile>
    <ClCompile Include="CapsuleCollider.cpp">
      <Filter>소스 파일\Object\Component\Coliider</Filter>
    </ClCompile>
    <ClCompile Include="BoxCollider.cpp">
      <Filter>소스 파일\Object\Component\Coliider</Filter>
    </ClCompile>
    <ClCompile Include="Collider.cpp">
      <Filter>소스 파일\Object\Component</Filter>
    </ClCompile>
  </ItemGroup>
  <ItemGroup>
    <None Include="ClassDiagram.cd">
      <Filter>소스 파일</Filter>
    </None>
    <None Include="ClassDiagram1.cd" />
  </ItemGroup>
</Project>